{
    "_readme": [
        "This file locks the dependencies of your project to a known state",
        "Read more about it at https://getcomposer.org/doc/01-basic-usage.md#installing-dependencies",
        "This file is @generated automatically"
    ],
    "content-hash": "7e7c16f01dec655bda9b1015bd255f30",
    "packages": [
        {
            "name": "symfony/deprecation-contracts",
            "version": "v3.5.1",
            "source": {
                "type": "git",
                "url": "https://github.com/symfony/deprecation-contracts.git",
                "reference": "74c71c939a79f7d5bf3c1ce9f5ea37ba0114c6f6"
            },
            "dist": {
                "type": "zip",
                "url": "https://api.github.com/repos/symfony/deprecation-contracts/zipball/74c71c939a79f7d5bf3c1ce9f5ea37ba0114c6f6",
                "reference": "74c71c939a79f7d5bf3c1ce9f5ea37ba0114c6f6",
                "shasum": ""
            },
            "require": {
                "php": ">=8.1"
            },
            "type": "library",
            "extra": {
                "thanks": {
                    "url": "https://github.com/symfony/contracts",
                    "name": "symfony/contracts"
                },
                "branch-alias": {
                    "dev-main": "3.5-dev"
                }
            },
            "autoload": {
                "files": [
                    "function.php"
                ]
            },
            "notification-url": "https://packagist.org/downloads/",
            "license": [
                "MIT"
            ],
            "authors": [
                {
                    "name": "Nicolas Grekas",
                    "email": "p@tchwork.com"
                },
                {
                    "name": "Symfony Community",
                    "homepage": "https://symfony.com/contributors"
                }
            ],
            "description": "A generic function and convention to trigger deprecation notices",
            "homepage": "https://symfony.com",
            "support": {
                "source": "https://github.com/symfony/deprecation-contracts/tree/v3.5.1"
            },
            "funding": [
                {
                    "url": "https://symfony.com/sponsor",
                    "type": "custom"
                },
                {
                    "url": "https://github.com/fabpot",
                    "type": "github"
                },
                {
                    "url": "https://tidelift.com/funding/github/packagist/symfony/symfony",
                    "type": "tidelift"
                }
            ],
            "time": "2024-09-25T14:20:29+00:00"
        },
        {
            "name": "yoast/whip",
            "version": "2.0.0",
            "source": {
                "type": "git",
                "url": "https://github.com/Yoast/whip.git",
                "reference": "5cfd9c3b433774548ec231fe896d5e85d17ed0d1"
            },
            "dist": {
                "type": "zip",
                "url": "https://api.github.com/repos/Yoast/whip/zipball/5cfd9c3b433774548ec231fe896d5e85d17ed0d1",
                "reference": "5cfd9c3b433774548ec231fe896d5e85d17ed0d1",
                "shasum": ""
            },
            "require": {
                "php": ">=5.3"
            },
            "require-dev": {
                "php-parallel-lint/php-console-highlighter": "^1.0.0",
                "php-parallel-lint/php-parallel-lint": "^1.3.2",
                "phpunit/phpunit": "^4.8.36 || ^5.7.21 || ^6.0 || ^7.0 || ^8.0 || ^9.0",
                "roave/security-advisories": "dev-master",
                "yoast/yoastcs": "^3.0"
            },
            "type": "library",
            "autoload": {
                "files": [
                    "src/Facades/wordpress.php"
                ],
                "psr-4": {
                    "Yoast\\WHIPv2\\": "src/"
                }
            },
            "notification-url": "https://packagist.org/downloads/",
            "license": [
                "GPL-3.0-or-later"
            ],
            "authors": [
                {
                    "name": "Team Yoast",
                    "email": "support@yoast.com"
                }
            ],
            "description": "A WordPress package to nudge users to upgrade their software versions (starting with PHP)",
            "homepage": "https://github.com/Yoast/whip",
            "support": {
                "issues": "https://github.com/Yoast/whip/issues",
                "security": "https://yoast.com/security-program/",
                "source": "https://github.com/Yoast/whip"
            },
            "time": "2023-12-27T11:39:30+00:00"
        }
    ],
    "packages-dev": [],
    "aliases": [],
    "minimum-stability": "stable",
    "stability-flags": {},
    "prefer-stable": false,
    "prefer-lowest": false,
    "platform": {},
    "platform-dev": {},
    "plugin-api-version": "2.6.0"
}
